
Microsoft Visual Studio Solution File, Format Version 12.00
# Visual Studio Version 17
VisualStudioVersion = 17.5.33530.505
MinimumVisualStudioVersion = 10.0.40219.1
Project("{8BC9CEB8-8B4A-11D0-8D11-00A0C91BC942}") = "C++ Project", "C++ Project\C++ Project.vcxproj", "{09D933A5-9E75-4B00-AD57-AB6C5E695654}"
EndProject
Global
	GlobalSection(SolutionConfigurationPlatforms) = preSolution
		Debug|x64 = Debug|x64
		Debug|x86 = Debug|x86
		Release|x64 = Release|x64
		Release|x86 = Release|x86
	EndGlobalSection
	GlobalSection(ProjectConfigurationPlatforms) = postSolution
		{09D933A5-9E75-4B00-AD57-AB6C5E695654}.Debug|x64.ActiveCfg = Debug|x64
		{09D933A5-9E75-4B00-AD57-AB6C5E695654}.Debug|x64.Build.0 = Debug|x64
		{09D933A5-9E75-4B00-AD57-AB6C5E695654}.Debug|x86.ActiveCfg = Debug|Win32
		{09D933A5-9E75-4B00-AD57-AB6C5E695654}.Debug|x86.Build.0 = Debug|Win32
		{09D933A5-9E75-4B00-AD57-AB6C5E695654}.Release|x64.ActiveCfg = Release|x64
		{09D933A5-9E75-4B00-AD57-AB6C5E695654}.Release|x64.Build.0 = Release|x64
		{09D933A5-9E75-4B00-AD57-AB6C5E695654}.Release|x86.ActiveCfg = Release|Win32
		{09D933A5-9E75-4B00-AD57-AB6C5E695654}.Release|x86.Build.0 = Release|Win32
	EndGlobalSection
	GlobalSection(SolutionProperties) = preSolution
		HideSolutionNode = FALSE
	EndGlobalSection
	GlobalSection(ExtensibilityGlobals) = postSolution
		SolutionGuid = {CB7962A4-D89C-41A5-9950-7883E13DE580}
	EndGlobalSection
EndGlobal
